schema: '2.0'
stages:
  data_ingestion:
    cmd: python src/data/data_ingestion.py
    deps:
    - path: src/data/data_ingestion.py
      hash: md5
      md5: 9710c41fb9931e51d46b76a3636dacfc
      size: 1197
    outs:
    - path: data/raw/test.csv
      hash: md5
      md5: 35b06980c6e00772e6bf783ae10ab9b7
      size: 164174
    - path: data/raw/train.csv
      hash: md5
      md5: a2aa88dfae8af3dc60e6e24a09304f4e
      size: 663799
  data_preprocessing:
    cmd: python src/data/data_preprocessing.py
    deps:
    - path: data/raw/test.csv
      hash: md5
      md5: 35b06980c6e00772e6bf783ae10ab9b7
      size: 164174
    - path: data/raw/train.csv
      hash: md5
      md5: a2aa88dfae8af3dc60e6e24a09304f4e
      size: 663799
    - path: src/data/data_preprocessing.py
      hash: md5
      md5: bba959ba7b4eb9623b534648d9658d26
      size: 3660
    outs:
    - path: data/processed/test.csv
      hash: md5
      md5: d122277abc8a989293553caf68952583
      size: 112653
    - path: data/processed/train.csv
      hash: md5
      md5: 7d2175314e785cb72aa6db89a358a12b
      size: 453551
  feature_engg:
    cmd: python src/features/feature_engg.py
    deps:
    - path: data/processed/test.csv
      hash: md5
      md5: d122277abc8a989293553caf68952583
      size: 112653
    - path: data/processed/train.csv
      hash: md5
      md5: 7d2175314e785cb72aa6db89a358a12b
      size: 453551
    - path: src/features/feature_engg.py
      hash: md5
      md5: b73dfda402fdd58505a63707d7cd8c22
      size: 1191
    outs:
    - path: data/interim/test_bow.csv
      hash: md5
      md5: 1cd6432e271fc23daf6edd851ab5594a
      size: 59114851
    - path: data/interim/train_bow.csv
      hash: md5
      md5: c03a4e244f79f4344abe075c871c30a7
      size: 236293459
  modelling_training:
    cmd: python src/models/modelling.py
    deps:
    - path: data/interim/train_bow.csv
      hash: md5
      md5: c03a4e244f79f4344abe075c871c30a7
      size: 236293459
    - path: src/models/modelling.py
      hash: md5
      md5: b282ff8a661b011a82de44b25875a143
      size: 434
    outs:
    - path: models/random_forest_model.pkl
      hash: md5
      md5: 168ba99528a2d8de18ea3b8dcf9e8edd
      size: 55583873
  model_evaluation:
    cmd: python src/models/model_evaluation.py
    deps:
    - path: data/interim/test_bow.csv
      hash: md5
      md5: 1cd6432e271fc23daf6edd851ab5594a
      size: 59114851
    - path: models/random_forest_model.pkl
      hash: md5
      md5: 168ba99528a2d8de18ea3b8dcf9e8edd
      size: 55583873
    - path: src/models/model_evaluation.py
      hash: md5
      md5: 1fcf564419ffa99f86c21650d815fe03
      size: 812
    outs:
    - path: reports/
      hash: md5
      md5: 36e59dcc0b4edcd5c7f55dcfa51023cd.dir
      size: 149
      nfiles: 1
