schema: '2.0'
stages:
  data_ingestion:
    cmd: python src/data/data_ingestion.py
    deps:
    - path: src/data/data_ingestion.py
      hash: md5
      md5: aa8fda9c81a39262ba9267a16695eaf8
      size: 1403
    params:
      params.yaml:
        data_ingestion.test_size: 0.3
    outs:
    - path: data/raw/test.csv
      hash: md5
      md5: 00e92fbd32276319d5b2efb0c047cd51
      size: 248475
    - path: data/raw/train.csv
      hash: md5
      md5: 0b51c9a20421c5215654dc30eb0cb163
      size: 579498
  data_preprocessing:
    cmd: python src/data/data_preprocessing.py
    deps:
    - path: data/raw/test.csv
      hash: md5
      md5: 00e92fbd32276319d5b2efb0c047cd51
      size: 248475
    - path: data/raw/train.csv
      hash: md5
      md5: 0b51c9a20421c5215654dc30eb0cb163
      size: 579498
    - path: src/data/data_preprocessing.py
      hash: md5
      md5: bba959ba7b4eb9623b534648d9658d26
      size: 3660
    outs:
    - path: data/processed/test.csv
      hash: md5
      md5: a04833d6e5c8cca7902019a2bcbc893b
      size: 169989
    - path: data/processed/train.csv
      hash: md5
      md5: aea2b335beab1a332d546bcbf8b0c5b9
      size: 396215
  feature_engg:
    cmd: python src/features/feature_engg.py
    deps:
    - path: data/processed/test.csv
      hash: md5
      md5: a04833d6e5c8cca7902019a2bcbc893b
      size: 169989
    - path: data/processed/train.csv
      hash: md5
      md5: aea2b335beab1a332d546bcbf8b0c5b9
      size: 396215
    - path: src/features/feature_engg.py
      hash: md5
      md5: 49d32e684eee3d032bee51f14e95589e
      size: 1373
    params:
      params.yaml:
        feature_engg.max_features: 1000
    outs:
    - path: data/interim/test_tfidf.csv
      hash: md5
      md5: a2bcbdd07babeb21e24b877983942700
      size: 12709789
    - path: data/interim/train_tfidf.csv
      hash: md5
      md5: 607c09591688f834038089174a93c2fd
      size: 29662716
  modelling_training:
    cmd: python src/models/modelling.py
    deps:
    - path: data/interim/train_tfidf.csv
      hash: md5
      md5: 607c09591688f834038089174a93c2fd
      size: 29662716
    - path: src/models/modelling.py
      hash: md5
      md5: 0c8e710e26023e5b7ef0b23fd91e414d
      size: 690
    params:
      params.yaml:
        modelling.max_depth: 10
        modelling.n_estimators: 80
    outs:
    - path: models/random_forest_model.pkl
      hash: md5
      md5: c9c7d00f80877b54dcad70471a325234
      size: 725804
  model_evaluation:
    cmd: python src/models/model_evaluation.py
    deps:
    - path: data/interim/test_tfidf.csv
      hash: md5
      md5: a2bcbdd07babeb21e24b877983942700
      size: 12709789
    - path: models/random_forest_model.pkl
      hash: md5
      md5: c9c7d00f80877b54dcad70471a325234
      size: 725804
    - path: src/models/model_evaluation.py
      hash: md5
      md5: e0c84f3131254e90bee42fae48ad507b
      size: 814
    outs:
    - path: reports/
      hash: md5
      md5: 6bd82beba002e08639045fea5466999f.dir
      size: 148
      nfiles: 1
